
Microsoft Visual Studio Solution File, Format Version 12.00
# Visual Studio 15
VisualStudioVersion = 15.0.26730.15
MinimumVisualStudioVersion = 10.0.40219.1
Project("{FAE04EC0-301F-11D3-BF4B-00C04F79EFBC}") = "RomanVex", "RomanVex\RomanVex.csproj", "{D0FE1A13-9D75-4F5C-8E84-26F445EB3183}"
EndProject
Project("{FAE04EC0-301F-11D3-BF4B-00C04F79EFBC}") = "RomanVexTests", "RomanVexTests\RomanVexTests.csproj", "{22A51416-72FD-4CA0-88FF-17B2614FAAAE}"
EndProject
Global
	GlobalSection(SolutionConfigurationPlatforms) = preSolution
		Debug|Any CPU = Debug|Any CPU
		Release|Any CPU = Release|Any CPU
	EndGlobalSection
	GlobalSection(ProjectConfigurationPlatforms) = postSolution
		{D0FE1A13-9D75-4F5C-8E84-26F445EB3183}.Debug|Any CPU.ActiveCfg = Debug|Any CPU
		{D0FE1A13-9D75-4F5C-8E84-26F445EB3183}.Debug|Any CPU.Build.0 = Debug|Any CPU
		{D0FE1A13-9D75-4F5C-8E84-26F445EB3183}.Release|Any CPU.ActiveCfg = Release|Any CPU
		{D0FE1A13-9D75-4F5C-8E84-26F445EB3183}.Release|Any CPU.Build.0 = Release|Any CPU
		{22A51416-72FD-4CA0-88FF-17B2614FAAAE}.Debug|Any CPU.ActiveCfg = Debug|Any CPU
		{22A51416-72FD-4CA0-88FF-17B2614FAAAE}.Debug|Any CPU.Build.0 = Debug|Any CPU
		{22A51416-72FD-4CA0-88FF-17B2614FAAAE}.Release|Any CPU.ActiveCfg = Release|Any CPU
		{22A51416-72FD-4CA0-88FF-17B2614FAAAE}.Release|Any CPU.Build.0 = Release|Any CPU
	EndGlobalSection
	GlobalSection(SolutionProperties) = preSolution
		HideSolutionNode = FALSE
	EndGlobalSection
	GlobalSection(ExtensibilityGlobals) = postSolution
		SolutionGuid = {420CA3E4-EB88-45D4-917A-3A22F0410593}
	EndGlobalSection
EndGlobal
